// !$*UTF8*$!
{
	archiveVersion = 1;
	classes = {
	};
	objectVersion = 48;
	objects = {

/* Begin PBXBuildFile section */
		279F61351FE161980017C62A /* AppDelegate.swift in Sources */ = {isa = PBXBuildFile; fileRef = 279F61341FE161980017C62A /* AppDelegate.swift */; };
		279F61371FE161980017C62A /* SimpleCoachMarkerDemoVC.swift in Sources */ = {isa = PBXBuildFile; fileRef = 279F61361FE161980017C62A /* SimpleCoachMarkerDemoVC.swift */; };
		279F613A1FE161980017C62A /* Main.storyboard in Resources */ = {isa = PBXBuildFile; fileRef = 279F61381FE161980017C62A /* Main.storyboard */; };
		279F613C1FE161980017C62A /* Assets.xcassets in Resources */ = {isa = PBXBuildFile; fileRef = 279F613B1FE161980017C62A /* Assets.xcassets */; };
		279F613F1FE161980017C62A /* LaunchScreen.storyboard in Resources */ = {isa = PBXBuildFile; fileRef = 279F613D1FE161980017C62A /* LaunchScreen.storyboard */; };
		E971AFF81FFD30A6004FC563 /* RoundCoachMark.framework in Frameworks */ = {isa = PBXBuildFile; fileRef = E971AFF91FFD30A6004FC563 /* RoundCoachMark.framework */; };
		E97386311FFE7D1E008CA2D2 /* ComplexCoachMarkerDemoVC.swift in Sources */ = {isa = PBXBuildFile; fileRef = E97386301FFE7D1E008CA2D2 /* ComplexCoachMarkerDemoVC.swift */; };
/* End PBXBuildFile section */

/* Begin PBXFileReference section */
		279F61311FE161980017C62A /* RoundCoachMarkExample.app */ = {isa = PBXFileReference; explicitFileType = wrapper.application; includeInIndex = 0; path = RoundCoachMarkExample.app; sourceTree = BUILT_PRODUCTS_DIR; };
		279F61341FE161980017C62A /* AppDelegate.swift */ = {isa = PBXFileReference; lastKnownFileType = sourcecode.swift; path = AppDelegate.swift; sourceTree = "<group>"; };
		279F61361FE161980017C62A /* SimpleCoachMarkerDemoVC.swift */ = {isa = PBXFileReference; lastKnownFileType = sourcecode.swift; path = SimpleCoachMarkerDemoVC.swift; sourceTree = "<group>"; };
		279F61391FE161980017C62A /* Base */ = {isa = PBXFileReference; lastKnownFileType = file.storyboard; name = Base; path = Base.lproj/Main.storyboard; sourceTree = "<group>"; };
		279F613B1FE161980017C62A /* Assets.xcassets */ = {isa = PBXFileReference; lastKnownFileType = folder.assetcatalog; path = Assets.xcassets; sourceTree = "<group>"; };
		279F613E1FE161980017C62A /* Base */ = {isa = PBXFileReference; lastKnownFileType = file.storyboard; name = Base; path = Base.lproj/LaunchScreen.storyboard; sourceTree = "<group>"; };
		279F61401FE161980017C62A /* Info.plist */ = {isa = PBXFileReference; lastKnownFileType = text.plist.xml; path = Info.plist; sourceTree = "<group>"; };
		E92D33A11FE1E82900CC8D3F /* RoundCoachMark.framework */ = {isa = PBXFileReference; lastKnownFileType = wrapper.framework; name = RoundCoachMark.framework; path = "../../../../../../../Users/Choock/Library/Developer/Xcode/DerivedData/RoundCoachMark-dlxidpekalueewcbadgthzkatjpw/Build/Products/Debug-iphoneos/RoundCoachMark.framework"; sourceTree = "<group>"; };
		E92D33A21FE1E85700CC8D3F /* RoundCoachMark.framework */ = {isa = PBXFileReference; explicitFileType = wrapper.framework; path = RoundCoachMark.framework; sourceTree = BUILT_PRODUCTS_DIR; };
		E971AFF91FFD30A6004FC563 /* RoundCoachMark.framework */ = {isa = PBXFileReference; explicitFileType = wrapper.framework; path = RoundCoachMark.framework; sourceTree = BUILT_PRODUCTS_DIR; };
		E97386301FFE7D1E008CA2D2 /* ComplexCoachMarkerDemoVC.swift */ = {isa = PBXFileReference; lastKnownFileType = sourcecode.swift; path = ComplexCoachMarkerDemoVC.swift; sourceTree = "<group>"; };
/* End PBXFileReference section */

/* Begin PBXFrameworksBuildPhase section */
		279F612E1FE161980017C62A /* Frameworks */ = {
			isa = PBXFrameworksBuildPhase;
			buildActionMask = 2147483647;
			files = (
				E971AFF81FFD30A6004FC563 /* RoundCoachMark.framework in Frameworks */,
			);
			runOnlyForDeploymentPostprocessing = 0;
		};
/* End PBXFrameworksBuildPhase section */

/* Begin PBXGroup section */
		279F61281FE161980017C62A = {
			isa = PBXGroup;
			children = (
				E92D33A21FE1E85700CC8D3F /* RoundCoachMark.framework */,
				279F61331FE161980017C62A /* RoundCoachMarkExample */,
				279F61321FE161980017C62A /* Products */,
				E92D33981FE1E74F00CC8D3F /* Frameworks */,
			);
			sourceTree = "<group>";
		};
		279F61321FE161980017C62A /* Products */ = {
			isa = PBXGroup;
			children = (
				279F61311FE161980017C62A /* RoundCoachMarkExample.app */,
			);
			name = Products;
			sourceTree = "<group>";
		};
		279F61331FE161980017C62A /* RoundCoachMarkExample */ = {
			isa = PBXGroup;
			children = (
				279F61341FE161980017C62A /* AppDelegate.swift */,
				279F61361FE161980017C62A /* SimpleCoachMarkerDemoVC.swift */,
				E97386301FFE7D1E008CA2D2 /* ComplexCoachMarkerDemoVC.swift */,
				279F61381FE161980017C62A /* Main.storyboard */,
				279F613B1FE161980017C62A /* Assets.xcassets */,
				279F613D1FE161980017C62A /* LaunchScreen.storyboard */,
				279F61401FE161980017C62A /* Info.plist */,
			);
			path = RoundCoachMarkExample;
			sourceTree = "<group>";
		};
		E92D33981FE1E74F00CC8D3F /* Frameworks */ = {
			isa = PBXGroup;
			children = (
				E971AFF91FFD30A6004FC563 /* RoundCoachMark.framework */,
				E92D33A11FE1E82900CC8D3F /* RoundCoachMark.framework */,
			);
			name = Frameworks;
			sourceTree = "<group>";
		};
/* End PBXGroup section */

/* Begin PBXNativeTarget section */
		279F61301FE161980017C62A /* RoundCoachMarkExample */ = {
			isa = PBXNativeTarget;
			buildConfigurationList = 279F61431FE161980017C62A /* Build configuration list for PBXNativeTarget "RoundCoachMarkExample" */;
			buildPhases = (
				279F612D1FE161980017C62A /* Sources */,
				279F612E1FE161980017C62A /* Frameworks */,
				279F612F1FE161980017C62A /* Resources */,
			);
			buildRules = (
			);
			dependencies = (
			);
			name = RoundCoachMarkExample;
			productName = RoundCoachMarkExample;
			productReference = 279F61311FE161980017C62A /* RoundCoachMarkExample.app */;
			productType = "com.apple.product-type.application";
		};
/* End PBXNativeTarget section */

/* Begin PBXProject section */
		279F61291FE161980017C62A /* Project object */ = {
			isa = PBXProject;
			attributes = {
				LastSwiftUpdateCheck = 0920;
				LastUpgradeCheck = 1130;
				ORGANIZATIONNAME = "GPB DIDZHITAL";
				TargetAttributes = {
					279F61301FE161980017C62A = {
						CreatedOnToolsVersion = 9.2;
						ProvisioningStyle = Automatic;
					};
				};
			};
			buildConfigurationList = 279F612C1FE161980017C62A /* Build configuration list for PBXProject "RoundCoachMarkExample" */;
			compatibilityVersion = "Xcode 8.0";
			developmentRegion = en;
			hasScannedForEncodings = 0;
			knownRegions = (
				en,
				Base,
			);
			mainGroup = 279F61281FE161980017C62A;
			productRefGroup = 279F61321FE161980017C62A /* Products */;
			projectDirPath = "";
			projectRoot = "";
			targets = (
				279F61301FE161980017C62A /* RoundCoachMarkExample */,
			);
		};
/* End PBXProject section */

/* Begin PBXResourcesBuildPhase section */
		279F612F1FE161980017C62A /* Resources */ = {
			isa = PBXResourcesBuildPhase;
			buildActionMask = 2147483647;
			files = (
				279F613F1FE161980017C62A /* LaunchScreen.storyboard in Resources */,
				279F613C1FE161980017C62A /* Assets.xcassets in Resources */,
				279F613A1FE161980017C62A /* Main.storyboard in Resources */,
			);
			runOnlyForDeploymentPostprocessing = 0;
		};
/* End PBXResourcesBuildPhase section */

/* Begin PBXSourcesBuildPhase section */
		279F612D1FE161980017C62A /* Sources */ = {
			isa = PBXSourcesBuildPhase;
			buildActionMask = 2147483647;
			files = (
				279F61371FE161980017C62A /* SimpleCoachMarkerDemoVC.swift in Sources */,
				E97386311FFE7D1E008CA2D2 /* ComplexCoachMarkerDemoVC.swift in Sources */,
				279F61351FE161980017C62A /* AppDelegate.swift in Sources */,
			);
			runOnlyForDeploymentPostprocessing = 0;
		};
/* End PBXSourcesBuildPhase section */

/* Begin PBXVariantGroup section */
		279F61381FE161980017C62A /* Main.storyboard */ = {
			isa = PBXVariantGroup;
			children = (
				279F61391FE161980017C62A /* Base */,
			);
			name = Main.storyboard;
			sourceTree = "<group>";
		};
		279F613D1FE161980017C62A /* LaunchScreen.storyboard */ = {
			isa = PBXVariantGroup;
			children = (
				279F613E1FE161980017C62A /* Base */,
			);
			name = LaunchScreen.storyboard;
			sourceTree = "<group>";
		};
/* End PBXVariantGroup section */

/* Begin XCBuildConfiguration section */
		279F61411FE161980017C62A /* Debug */ = {
			isa = XCBuildConfiguration;
			buildSettings = {
				ALWAYS_SEARCH_USER_PATHS = NO;
				CLANG_ANALYZER_NONNULL = YES;
				CLANG_ANALYZER_NUMBER_OBJECT_CONVERSION = YES_AGGRESSIVE;
				CLANG_CXX_LANGUAGE_STANDARD = "gnu++14";
				CLANG_CXX_LIBRARY = "libc++";
				CLANG_ENABLE_MODULES = YES;
				CLANG_ENABLE_OBJC_ARC = YES;
				CLANG_WARN_BLOCK_CAPTURE_AUTORELEASING = YES;
				CLANG_WARN_BOOL_CONVERSION = YES;
				CLANG_WARN_COMMA = YES;
				CLANG_WARN_CONSTANT_CONVERSION = YES;
				CLANG_WARN_DEPRECATED_OBJC_IMPLEMENTATIONS = YES;
				CLANG_WARN_DIRECT_OBJC_ISA_USAGE = YES_ERROR;
				CLANG_WARN_DOCUMENTATION_COMMENTS = YES;
				CLANG_WARN_EMPTY_BODY = YES;
				CLANG_WARN_ENUM_CONVERSION = YES;
				CLANG_WARN_INFINITE_RECURSION = YES;
				CLANG_WARN_INT_CONVERSION = YES;
				CLANG_WARN_NON_LITERAL_NULL_CONVERSION = YES;
				CLANG_WARN_OBJC_IMPLICIT_RETAIN_SELF = YES;
				CLANG_WARN_OBJC_LITERAL_CONVERSION = YES;
				CLANG_WARN_OBJC_ROOT_CLASS = YES_ERROR;
				CLANG_WARN_RANGE_LOOP_ANALYSIS = YES;
				CLANG_WARN_STRICT_PROTOTYPES = YES;
				CLANG_WARN_SUSPICIOUS_MOVE = YES;
				CLANG_WARN_UNGUARDED_AVAILABILITY = YES_AGGRESSIVE;
				CLANG_WARN_UNREACHABLE_CODE = YES;
				CLANG_WARN__DUPLICATE_METHOD_MATCH = YES;
				CODE_SIGN_IDENTITY = "iPhone Developer";
				COPY_PHASE_STRIP = NO;
				DEBUG_INFORMATION_FORMAT = dwarf;
				ENABLE_STRICT_OBJC_MSGSEND = YES;
				ENABLE_TESTABILITY = YES;
				GCC_C_LANGUAGE_STANDARD = gnu11;
				GCC_DYNAMIC_NO_PIC = NO;
				GCC_NO_COMMON_BLOCKS = YES;
				GCC_OPTIMIZATION_LEVEL = 0;
				GCC_PREPROCESSOR_DEFINITIONS = (
					"DEBUG=1",
					"$(inherited)",
				);
				GCC_WARN_64_TO_32_BIT_CONVERSION = YES;
				GCC_WARN_ABOUT_RETURN_TYPE = YES_ERROR;
				GCC_WARN_UNDECLARED_SELECTOR = YES;
				GCC_WARN_UNINITIALIZED_AUTOS = YES_AGGRESSIVE;
				GCC_WARN_UNUSED_FUNCTION = YES;
				GCC_WARN_UNUSED_VARIABLE = YES;
				IPHONEOS_DEPLOYMENT_TARGET = 10.3;
				MTL_ENABLE_DEBUG_INFO = YES;
				ONLY_ACTIVE_ARCH = YES;
				SDKROOT = iphoneos;
				SWIFT_ACTIVE_COMPILATION_CONDITIONS = DEBUG;
				SWIFT_OPTIMIZATION_LEVEL = "-Onone";
			};
			name = Debug;
		};
		279F61421FE161980017C62A /* Release */ = {
			isa = XCBuildConfiguration;
			buildSettings = {
				ALWAYS_SEARCH_USER_PATHS = NO;
				CLANG_ANALYZER_NONNULL = YES;
				CLANG_ANALYZER_NUMBER_OBJECT_CONVERSION = YES_AGGRESSIVE;
				CLANG_CXX_LANGUAGE_STANDARD = "gnu++14";
				CLANG_CXX_LIBRARY = "libc++";
				CLANG_ENABLE_MODULES = YES;
				CLANG_ENABLE_OBJC_ARC = YES;
				CLANG_WARN_BLOCK_CAPTURE_AUTORELEASING = YES;
				CLANG_WARN_BOOL_CONVERSION = YES;
				CLANG_WARN_COMMA = YES;
				CLANG_WARN_CONSTANT_CONVERSION = YES;
				CLANG_WARN_DEPRECATED_OBJC_IMPLEMENTATIONS = YES;
				CLANG_WARN_DIRECT_OBJC_ISA_USAGE = YES_ERROR;
				CLANG_WARN_DOCUMENTATION_COMMENTS = YES;
				CLANG_WARN_EMPTY_BODY = YES;
				CLANG_WARN_ENUM_CONVERSION = YES;
				CLANG_WARN_INFINITE_RECURSION = YES;
				CLANG_WARN_INT_CONVERSION = YES;
				CLANG_WARN_NON_LITERAL_NULL_CONVERSION = YES;
				CLANG_WARN_OBJC_IMPLICIT_RETAIN_SELF = YES;
				CLANG_WARN_OBJC_LITERAL_CONVERSION = YES;
				CLANG_WARN_OBJC_ROOT_CLASS = YES_ERROR;
				CLANG_WARN_RANGE_LOOP_ANALYSIS = YES;
				CLANG_WARN_STRICT_PROTOTYPES = YES;
				CLANG_WARN_SUSPICIOUS_MOVE = YES;
				CLANG_WARN_UNGUARDED_AVAILABILITY = YES_AGGRESSIVE;
				CLANG_WARN_UNREACHABLE_CODE = YES;
				CLANG_WARN__DUPLICATE_METHOD_MATCH = YES;
				CODE_SIGN_IDENTITY = "iPhone Developer";
				COPY_PHASE_STRIP = NO;
				DEBUG_INFORMATION_FORMAT = "dwarf-with-dsym";
				ENABLE_NS_ASSERTIONS = NO;
				ENABLE_STRICT_OBJC_MSGSEND = YES;
				GCC_C_LANGUAGE_STANDARD = gnu11;
				GCC_NO_COMMON_BLOCKS = YES;
				GCC_WARN_64_TO_32_BIT_CONVERSION = YES;
				GCC_WARN_ABOUT_RETURN_TYPE = YES_ERROR;
				GCC_WARN_UNDECLARED_SELECTOR = YES;
				GCC_WARN_UNINITIALIZED_AUTOS = YES_AGGRESSIVE;
				GCC_WARN_UNUSED_FUNCTION = YES;
				GCC_WARN_UNUSED_VARIABLE = YES;
				IPHONEOS_DEPLOYMENT_TARGET = 10.3;
				MTL_ENABLE_DEBUG_INFO = NO;
				SDKROOT = iphoneos;
				SWIFT_OPTIMIZATION_LEVEL = "-Owholemodule";
				VALIDATE_PRODUCT = YES;
			};
			name = Release;
		};
		279F61441FE161980017C62A /* Debug */ = {
			isa = XCBuildConfiguration;
			buildSettings = {
				ASSETCATALOG_COMPILER_APPICON_NAME = AppIcon;
				CODE_SIGN_STYLE = Automatic;
				DEVELOPMENT_TEAM = W643Q7CF86;
				INFOPLIST_FILE = RoundCoachMarkExample/Info.plist;
				LD_RUNPATH_SEARCH_PATHS = "$(inherited) @executable_path/Frameworks";
				PRODUCT_BUNDLE_IDENTIFIER = com.gpbdigital.RoundCoachMarkExample;
				PRODUCT_NAME = "$(TARGET_NAME)";
				SWIFT_VERSION = 4.2;
				TARGETED_DEVICE_FAMILY = "1,2";
			};
			name = Debug;
		};
		279F61451FE161980017C62A /* Release */ = {
			isa = XCBuildConfiguration;
			buildSettings = {
				ASSETCATALOG_COMPILER_APPICON_NAME = AppIcon;
				CODE_SIGN_STYLE = Automatic;
				DEVELOPMENT_TEAM = W643Q7CF86;
				INFOPLIST_FILE = RoundCoachMarkExample/Info.plist;
				LD_RUNPATH_SEARCH_PATHS = "$(inherited) @executable_path/Frameworks";
				PRODUCT_BUNDLE_IDENTIFIER = com.gpbdigital.RoundCoachMarkExample;
				PRODUCT_NAME = "$(TARGET_NAME)";
				SWIFT_VERSION = 4.2;
				TARGETED_DEVICE_FAMILY = "1,2";
			};
			name = Release;
		};
/* End XCBuildConfiguration section */

/* Begin XCConfigurationList section */
		279F612C1FE161980017C62A /* Build configuration list for PBXProject "RoundCoachMarkExample" */ = {
			isa = XCConfigurationList;
			buildConfigurations = (
				279F61411FE161980017C62A /* Debug */,
				279F61421FE161980017C62A /* Release */,
			);
			defaultConfigurationIsVisible = 0;
			defaultConfigurationName = Release;
		};
		279F61431FE161980017C62A /* Build configuration list for PBXNativeTarget "RoundCoachMarkExample" */ = {
			isa = XCConfigurationList;
			buildConfigurations = (
				279F61441FE161980017C62A /* Debug */,
				279F61451FE161980017C62A /* Release */,
			);
			defaultConfigurationIsVisible = 0;
			defaultConfigurationName = Release;
		};
/* End XCConfigurationList section */
	};
	rootObject = 279F61291FE161980017C62A /* Project object */;
}
